// !$*UTF8*$!
{
	archiveVersion = 1;
	classes = {
	};
	objectVersion = 48;
	objects = {

/* Begin PBXBuildFile section */
		2297DE2F2032C7E9006E09FC /* AppDelegate.swift in Sources */ = {isa = PBXBuildFile; fileRef = 2297DE2E2032C7E9006E09FC /* AppDelegate.swift */; };
		2297DE312032C7E9006E09FC /* ViewController.swift in Sources */ = {isa = PBXBuildFile; fileRef = 2297DE302032C7E9006E09FC /* ViewController.swift */; };
		2297DE342032C7E9006E09FC /* Main.storyboard in Resources */ = {isa = PBXBuildFile; fileRef = 2297DE322032C7E9006E09FC /* Main.storyboard */; };
		2297DE362032C7E9006E09FC /* Assets.xcassets in Resources */ = {isa = PBXBuildFile; fileRef = 2297DE352032C7E9006E09FC /* Assets.xcassets */; };
		2297DE392032C7E9006E09FC /* LaunchScreen.storyboard in Resources */ = {isa = PBXBuildFile; fileRef = 2297DE372032C7E9006E09FC /* LaunchScreen.storyboard */; };
		2297DE4A2032CCB3006E09FC /* LocationAlert.png in Resources */ = {isa = PBXBuildFile; fileRef = 2297DE472032CCB3006E09FC /* LocationAlert.png */; };
		2297DE4B2032CCB3006E09FC /* TimeAlert.png in Resources */ = {isa = PBXBuildFile; fileRef = 2297DE482032CCB3006E09FC /* TimeAlert.png */; };
		2297DE4C2032CCB3006E09FC /* DateAlert.png in Resources */ = {isa = PBXBuildFile; fileRef = 2297DE492032CCB3006E09FC /* DateAlert.png */; };
		2297DE4E2032CECF006E09FC /* ShadowView.swift in Sources */ = {isa = PBXBuildFile; fileRef = 2297DE4D2032CECF006E09FC /* ShadowView.swift */; };
		2297DE522032D329006E09FC /* UNService.swift in Sources */ = {isa = PBXBuildFile; fileRef = 2297DE512032D329006E09FC /* UNService.swift */; };
/* End PBXBuildFile section */

/* Begin PBXFileReference section */
		2297DE2B2032C7E9006E09FC /* Reminder.app */ = {isa = PBXFileReference; explicitFileType = wrapper.application; includeInIndex = 0; path = Reminder.app; sourceTree = BUILT_PRODUCTS_DIR; };
		2297DE2E2032C7E9006E09FC /* AppDelegate.swift */ = {isa = PBXFileReference; lastKnownFileType = sourcecode.swift; path = AppDelegate.swift; sourceTree = "<group>"; };
		2297DE302032C7E9006E09FC /* ViewController.swift */ = {isa = PBXFileReference; lastKnownFileType = sourcecode.swift; path = ViewController.swift; sourceTree = "<group>"; };
		2297DE332032C7E9006E09FC /* Base */ = {isa = PBXFileReference; lastKnownFileType = file.storyboard; name = Base; path = Base.lproj/Main.storyboard; sourceTree = "<group>"; };
		2297DE352032C7E9006E09FC /* Assets.xcassets */ = {isa = PBXFileReference; lastKnownFileType = folder.assetcatalog; path = Assets.xcassets; sourceTree = "<group>"; };
		2297DE382032C7E9006E09FC /* Base */ = {isa = PBXFileReference; lastKnownFileType = file.storyboard; name = Base; path = Base.lproj/LaunchScreen.storyboard; sourceTree = "<group>"; };
		2297DE3A2032C7E9006E09FC /* Info.plist */ = {isa = PBXFileReference; lastKnownFileType = text.plist.xml; path = Info.plist; sourceTree = "<group>"; };
		2297DE472032CCB3006E09FC /* LocationAlert.png */ = {isa = PBXFileReference; lastKnownFileType = image.png; path = LocationAlert.png; sourceTree = "<group>"; };
		2297DE482032CCB3006E09FC /* TimeAlert.png */ = {isa = PBXFileReference; lastKnownFileType = image.png; path = TimeAlert.png; sourceTree = "<group>"; };
		2297DE492032CCB3006E09FC /* DateAlert.png */ = {isa = PBXFileReference; lastKnownFileType = image.png; path = DateAlert.png; sourceTree = "<group>"; };
		2297DE4D2032CECF006E09FC /* ShadowView.swift */ = {isa = PBXFileReference; lastKnownFileType = sourcecode.swift; path = ShadowView.swift; sourceTree = "<group>"; };
		2297DE512032D329006E09FC /* UNService.swift */ = {isa = PBXFileReference; lastKnownFileType = sourcecode.swift; path = UNService.swift; sourceTree = "<group>"; };
/* End PBXFileReference section */

/* Begin PBXFrameworksBuildPhase section */
		2297DE282032C7E9006E09FC /* Frameworks */ = {
			isa = PBXFrameworksBuildPhase;
			buildActionMask = 2147483647;
			files = (
			);
			runOnlyForDeploymentPostprocessing = 0;
		};
/* End PBXFrameworksBuildPhase section */

/* Begin PBXGroup section */
		2297DE222032C7E9006E09FC = {
			isa = PBXGroup;
			children = (
				2297DE3A2032C7E9006E09FC /* Info.plist */,
				2297DE2D2032C7E9006E09FC /* Reminder */,
				2297DE2C2032C7E9006E09FC /* Products */,
			);
			sourceTree = "<group>";
		};
		2297DE2C2032C7E9006E09FC /* Products */ = {
			isa = PBXGroup;
			children = (
				2297DE2B2032C7E9006E09FC /* Reminder.app */,
			);
			name = Products;
			sourceTree = "<group>";
		};
		2297DE2D2032C7E9006E09FC /* Reminder */ = {
			isa = PBXGroup;
			children = (
				2297DE4F2032D307006E09FC /* Service */,
				2297DE452032CAAB006E09FC /* StoryBoard */,
				2297DE442032CA92006E09FC /* Utils */,
				2297DE432032CA89006E09FC /* AppDelegate */,
				2297DE422032CA7A006E09FC /* Model */,
				2297DE412032CA77006E09FC /* View */,
				2297DE402032CA75006E09FC /* Controller */,
			);
			path = Reminder;
			sourceTree = "<group>";
		};
		2297DE402032CA75006E09FC /* Controller */ = {
			isa = PBXGroup;
			children = (
				2297DE302032C7E9006E09FC /* ViewController.swift */,
			);
			path = Controller;
			sourceTree = "<group>";
		};
		2297DE412032CA77006E09FC /* View */ = {
			isa = PBXGroup;
			children = (
				2297DE4D2032CECF006E09FC /* ShadowView.swift */,
			);
			path = View;
			sourceTree = "<group>";
		};
		2297DE422032CA7A006E09FC /* Model */ = {
			isa = PBXGroup;
			children = (
			);
			path = Model;
			sourceTree = "<group>";
		};
		2297DE432032CA89006E09FC /* AppDelegate */ = {
			isa = PBXGroup;
			children = (
				2297DE2E2032C7E9006E09FC /* AppDelegate.swift */,
			);
			path = AppDelegate;
			sourceTree = "<group>";
		};
		2297DE442032CA92006E09FC /* Utils */ = {
			isa = PBXGroup;
			children = (
				2297DE352032C7E9006E09FC /* Assets.xcassets */,
				2297DE462032CC9C006E09FC /* NotificationAssets */,
			);
			path = Utils;
			sourceTree = "<group>";
		};
		2297DE452032CAAB006E09FC /* StoryBoard */ = {
			isa = PBXGroup;
			children = (
				2297DE372032C7E9006E09FC /* LaunchScreen.storyboard */,
				2297DE322032C7E9006E09FC /* Main.storyboard */,
			);
			path = StoryBoard;
			sourceTree = "<group>";
		};
		2297DE462032CC9C006E09FC /* NotificationAssets */ = {
			isa = PBXGroup;
			children = (
				2297DE492032CCB3006E09FC /* DateAlert.png */,
				2297DE472032CCB3006E09FC /* LocationAlert.png */,
				2297DE482032CCB3006E09FC /* TimeAlert.png */,
			);
			path = NotificationAssets;
			sourceTree = "<group>";
		};
		2297DE4F2032D307006E09FC /* Service */ = {
			isa = PBXGroup;
			children = (
				2297DE512032D329006E09FC /* UNService.swift */,
			);
			path = Service;
			sourceTree = "<group>";
		};
/* End PBXGroup section */

/* Begin PBXNativeTarget section */
		2297DE2A2032C7E9006E09FC /* Reminder */ = {
			isa = PBXNativeTarget;
			buildConfigurationList = 2297DE3D2032C7E9006E09FC /* Build configuration list for PBXNativeTarget "Reminder" */;
			buildPhases = (
				2297DE272032C7E9006E09FC /* Sources */,
				2297DE282032C7E9006E09FC /* Frameworks */,
				2297DE292032C7E9006E09FC /* Resources */,
			);
			buildRules = (
			);
			dependencies = (
			);
			name = Reminder;
			productName = Reminder;
			productReference = 2297DE2B2032C7E9006E09FC /* Reminder.app */;
			productType = "com.apple.product-type.application";
		};
/* End PBXNativeTarget section */

/* Begin PBXProject section */
		2297DE232032C7E9006E09FC /* Project object */ = {
			isa = PBXProject;
			attributes = {
				LastSwiftUpdateCheck = 0920;
				LastUpgradeCheck = 0920;
				ORGANIZATIONNAME = muhAzharudheen;
				TargetAttributes = {
					2297DE2A2032C7E9006E09FC = {
						CreatedOnToolsVersion = 9.2;
						ProvisioningStyle = Automatic;
					};
				};
			};
			buildConfigurationList = 2297DE262032C7E9006E09FC /* Build configuration list for PBXProject "Reminder" */;
			compatibilityVersion = "Xcode 8.0";
			developmentRegion = en;
			hasScannedForEncodings = 0;
			knownRegions = (
				en,
				Base,
			);
			mainGroup = 2297DE222032C7E9006E09FC;
			productRefGroup = 2297DE2C2032C7E9006E09FC /* Products */;
			projectDirPath = "";
			projectRoot = "";
			targets = (
				2297DE2A2032C7E9006E09FC /* Reminder */,
			);
		};
/* End PBXProject section */

/* Begin PBXResourcesBuildPhase section */
		2297DE292032C7E9006E09FC /* Resources */ = {
			isa = PBXResourcesBuildPhase;
			buildActionMask = 2147483647;
			files = (
				2297DE392032C7E9006E09FC /* LaunchScreen.storyboard in Resources */,
				2297DE4A2032CCB3006E09FC /* LocationAlert.png in Resources */,
				2297DE4B2032CCB3006E09FC /* TimeAlert.png in Resources */,
				2297DE362032C7E9006E09FC /* Assets.xcassets in Resources */,
				2297DE4C2032CCB3006E09FC /* DateAlert.png in Resources */,
				2297DE342032C7E9006E09FC /* Main.storyboard in Resources */,
			);
			runOnlyForDeploymentPostprocessing = 0;
		};
/* End PBXResourcesBuildPhase section */

/* Begin PBXSourcesBuildPhase section */
		2297DE272032C7E9006E09FC /* Sources */ = {
			isa = PBXSourcesBuildPhase;
			buildActionMask = 2147483647;
			files = (
				2297DE4E2032CECF006E09FC /* ShadowView.swift in Sources */,
				2297DE312032C7E9006E09FC /* ViewController.swift in Sources */,
				2297DE522032D329006E09FC /* UNService.swift in Sources */,
				2297DE2F2032C7E9006E09FC /* AppDelegate.swift in Sources */,
			);
			runOnlyForDeploymentPostprocessing = 0;
		};
/* End PBXSourcesBuildPhase section */

/* Begin PBXVariantGroup section */
		2297DE322032C7E9006E09FC /* Main.storyboard */ = {
			isa = PBXVariantGroup;
			children = (
				2297DE332032C7E9006E09FC /* Base */,
			);
			name = Main.storyboard;
			sourceTree = "<group>";
		};
		2297DE372032C7E9006E09FC /* LaunchScreen.storyboard */ = {
			isa = PBXVariantGroup;
			children = (
				2297DE382032C7E9006E09FC /* Base */,
			);
			name = LaunchScreen.storyboard;
			sourceTree = "<group>";
		};
/* End PBXVariantGroup section */

/* Begin XCBuildConfiguration section */
		2297DE3B2032C7E9006E09FC /* Debug */ = {
			isa = XCBuildConfiguration;
			buildSettings = {
				ALWAYS_SEARCH_USER_PATHS = NO;
				CLANG_ANALYZER_NONNULL = YES;
				CLANG_ANALYZER_NUMBER_OBJECT_CONVERSION = YES_AGGRESSIVE;
				CLANG_CXX_LANGUAGE_STANDARD = "gnu++14";
				CLANG_CXX_LIBRARY = "libc++";
				CLANG_ENABLE_MODULES = YES;
				CLANG_ENABLE_OBJC_ARC = YES;
				CLANG_WARN_BLOCK_CAPTURE_AUTORELEASING = YES;
				CLANG_WARN_BOOL_CONVERSION = YES;
				CLANG_WARN_COMMA = YES;
				CLANG_WARN_CONSTANT_CONVERSION = YES;
				CLANG_WARN_DIRECT_OBJC_ISA_USAGE = YES_ERROR;
				CLANG_WARN_DOCUMENTATION_COMMENTS = YES;
				CLANG_WARN_EMPTY_BODY = YES;
				CLANG_WARN_ENUM_CONVERSION = YES;
				CLANG_WARN_INFINITE_RECURSION = YES;
				CLANG_WARN_INT_CONVERSION = YES;
				CLANG_WARN_NON_LITERAL_NULL_CONVERSION = YES;
				CLANG_WARN_OBJC_LITERAL_CONVERSION = YES;
				CLANG_WARN_OBJC_ROOT_CLASS = YES_ERROR;
				CLANG_WARN_RANGE_LOOP_ANALYSIS = YES;
				CLANG_WARN_STRICT_PROTOTYPES = YES;
				CLANG_WARN_SUSPICIOUS_MOVE = YES;
				CLANG_WARN_UNGUARDED_AVAILABILITY = YES_AGGRESSIVE;
				CLANG_WARN_UNREACHABLE_CODE = YES;
				CLANG_WARN__DUPLICATE_METHOD_MATCH = YES;
				CODE_SIGN_IDENTITY = "iPhone Developer";
				COPY_PHASE_STRIP = NO;
				DEBUG_INFORMATION_FORMAT = dwarf;
				ENABLE_STRICT_OBJC_MSGSEND = YES;
				ENABLE_TESTABILITY = YES;
				GCC_C_LANGUAGE_STANDARD = gnu11;
				GCC_DYNAMIC_NO_PIC = NO;
				GCC_NO_COMMON_BLOCKS = YES;
				GCC_OPTIMIZATION_LEVEL = 0;
				GCC_PREPROCESSOR_DEFINITIONS = (
					"DEBUG=1",
					"$(inherited)",
				);
				GCC_WARN_64_TO_32_BIT_CONVERSION = YES;
				GCC_WARN_ABOUT_RETURN_TYPE = YES_ERROR;
				GCC_WARN_UNDECLARED_SELECTOR = YES;
				GCC_WARN_UNINITIALIZED_AUTOS = YES_AGGRESSIVE;
				GCC_WARN_UNUSED_FUNCTION = YES;
				GCC_WARN_UNUSED_VARIABLE = YES;
				IPHONEOS_DEPLOYMENT_TARGET = 11.2;
				MTL_ENABLE_DEBUG_INFO = YES;
				ONLY_ACTIVE_ARCH = YES;
				SDKROOT = iphoneos;
				SWIFT_ACTIVE_COMPILATION_CONDITIONS = DEBUG;
				SWIFT_OPTIMIZATION_LEVEL = "-Onone";
			};
			name = Debug;
		};
		2297DE3C2032C7E9006E09FC /* Release */ = {
			isa = XCBuildConfiguration;
			buildSettings = {
				ALWAYS_SEARCH_USER_PATHS = NO;
				CLANG_ANALYZER_NONNULL = YES;
				CLANG_ANALYZER_NUMBER_OBJECT_CONVERSION = YES_AGGRESSIVE;
				CLANG_CXX_LANGUAGE_STANDARD = "gnu++14";
				CLANG_CXX_LIBRARY = "libc++";
				CLANG_ENABLE_MODULES = YES;
				CLANG_ENABLE_OBJC_ARC = YES;
				CLANG_WARN_BLOCK_CAPTURE_AUTORELEASING = YES;
				CLANG_WARN_BOOL_CONVERSION = YES;
				CLANG_WARN_COMMA = YES;
				CLANG_WARN_CONSTANT_CONVERSION = YES;
				CLANG_WARN_DIRECT_OBJC_ISA_USAGE = YES_ERROR;
				CLANG_WARN_DOCUMENTATION_COMMENTS = YES;
				CLANG_WARN_EMPTY_BODY = YES;
				CLANG_WARN_ENUM_CONVERSION = YES;
				CLANG_WARN_INFINITE_RECURSION = YES;
				CLANG_WARN_INT_CONVERSION = YES;
				CLANG_WARN_NON_LITERAL_NULL_CONVERSION = YES;
				CLANG_WARN_OBJC_LITERAL_CONVERSION = YES;
				CLANG_WARN_OBJC_ROOT_CLASS = YES_ERROR;
				CLANG_WARN_RANGE_LOOP_ANALYSIS = YES;
				CLANG_WARN_STRICT_PROTOTYPES = YES;
				CLANG_WARN_SUSPICIOUS_MOVE = YES;
				CLANG_WARN_UNGUARDED_AVAILABILITY = YES_AGGRESSIVE;
				CLANG_WARN_UNREACHABLE_CODE = YES;
				CLANG_WARN__DUPLICATE_METHOD_MATCH = YES;
				CODE_SIGN_IDENTITY = "iPhone Developer";
				COPY_PHASE_STRIP = NO;
				DEBUG_INFORMATION_FORMAT = "dwarf-with-dsym";
				ENABLE_NS_ASSERTIONS = NO;
				ENABLE_STRICT_OBJC_MSGSEND = YES;
				GCC_C_LANGUAGE_STANDARD = gnu11;
				GCC_NO_COMMON_BLOCKS = YES;
				GCC_WARN_64_TO_32_BIT_CONVERSION = YES;
				GCC_WARN_ABOUT_RETURN_TYPE = YES_ERROR;
				GCC_WARN_UNDECLARED_SELECTOR = YES;
				GCC_WARN_UNINITIALIZED_AUTOS = YES_AGGRESSIVE;
				GCC_WARN_UNUSED_FUNCTION = YES;
				GCC_WARN_UNUSED_VARIABLE = YES;
				IPHONEOS_DEPLOYMENT_TARGET = 11.2;
				MTL_ENABLE_DEBUG_INFO = NO;
				SDKROOT = iphoneos;
				SWIFT_OPTIMIZATION_LEVEL = "-Owholemodule";
				VALIDATE_PRODUCT = YES;
			};
			name = Release;
		};
		2297DE3E2032C7E9006E09FC /* Debug */ = {
			isa = XCBuildConfiguration;
			buildSettings = {
				ASSETCATALOG_COMPILER_APPICON_NAME = AppIcon;
				CODE_SIGN_STYLE = Automatic;
				DEVELOPMENT_TEAM = K53FCL976W;
				INFOPLIST_FILE = "$(SRCROOT)/Info.plist";
				LD_RUNPATH_SEARCH_PATHS = "$(inherited) @executable_path/Frameworks";
				PRODUCT_BUNDLE_IDENTIFIER = com.muhAzharudheen.Reminder;
				PRODUCT_NAME = "$(TARGET_NAME)";
				SWIFT_VERSION = 4.0;
				TARGETED_DEVICE_FAMILY = "1,2";
			};
			name = Debug;
		};
		2297DE3F2032C7E9006E09FC /* Release */ = {
			isa = XCBuildConfiguration;
			buildSettings = {
				ASSETCATALOG_COMPILER_APPICON_NAME = AppIcon;
				CODE_SIGN_STYLE = Automatic;
				DEVELOPMENT_TEAM = K53FCL976W;
				INFOPLIST_FILE = "$(SRCROOT)/Info.plist";
				LD_RUNPATH_SEARCH_PATHS = "$(inherited) @executable_path/Frameworks";
				PRODUCT_BUNDLE_IDENTIFIER = com.muhAzharudheen.Reminder;
				PRODUCT_NAME = "$(TARGET_NAME)";
				SWIFT_VERSION = 4.0;
				TARGETED_DEVICE_FAMILY = "1,2";
			};
			name = Release;
		};
/* End XCBuildConfiguration section */

/* Begin XCConfigurationList section */
		2297DE262032C7E9006E09FC /* Build configuration list for PBXProject "Reminder" */ = {
			isa = XCConfigurationList;
			buildConfigurations = (
				2297DE3B2032C7E9006E09FC /* Debug */,
				2297DE3C2032C7E9006E09FC /* Release */,
			);
			defaultConfigurationIsVisible = 0;
			defaultConfigurationName = Release;
		};
		2297DE3D2032C7E9006E09FC /* Build configuration list for PBXNativeTarget "Reminder" */ = {
			isa = XCConfigurationList;
			buildConfigurations = (
				2297DE3E2032C7E9006E09FC /* Debug */,
				2297DE3F2032C7E9006E09FC /* Release */,
			);
			defaultConfigurationIsVisible = 0;
			defaultConfigurationName = Release;
		};
/* End XCConfigurationList section */
	};
	rootObject = 2297DE232032C7E9006E09FC /* Project object */;
}
